
Microsoft Visual Studio Solution File, Format Version 12.00
# Visual Studio 15
VisualStudioVersion = 15.0.28307.168
MinimumVisualStudioVersion = 10.0.40219.1
Project("{FAE04EC0-301F-11D3-BF4B-00C04F79EFBC}") = "QESRawConverter", "QESRawConverter\QESRawConverter.csproj", "{399A40ED-0C1E-4414-9DF8-B7D87A9CAFE5}"
EndProject
Global
	GlobalSection(SolutionConfigurationPlatforms) = preSolution
		Debug|Any CPU = Debug|Any CPU
		Release|Any CPU = Release|Any CPU
	EndGlobalSection
	GlobalSection(ProjectConfigurationPlatforms) = postSolution
		{399A40ED-0C1E-4414-9DF8-B7D87A9CAFE5}.Debug|Any CPU.ActiveCfg = Debug|Any CPU
		{399A40ED-0C1E-4414-9DF8-B7D87A9CAFE5}.Debug|Any CPU.Build.0 = Debug|Any CPU
		{399A40ED-0C1E-4414-9DF8-B7D87A9CAFE5}.Release|Any CPU.ActiveCfg = Release|Any CPU
		{399A40ED-0C1E-4414-9DF8-B7D87A9CAFE5}.Release|Any CPU.Build.0 = Release|Any CPU
	EndGlobalSection
	GlobalSection(SolutionProperties) = preSolution
		HideSolutionNode = FALSE
	EndGlobalSection
	GlobalSection(ExtensibilityGlobals) = postSolution
		SolutionGuid = {61E6A5BD-3816-4165-93A8-B7E1EBF2C7C4}
	EndGlobalSection
EndGlobal
